
Microsoft Visual Studio Solution File, Format Version 12.00
# Visual Studio Version 16
VisualStudioVersion = 16.0.32413.511
MinimumVisualStudioVersion = 10.0.40219.1
Project("{9A19103F-16F7-4668-BE54-9A1E7A4F7556}") = "SqlSugar.Extra", "SqlSugar.Extra.csproj", "{00925561-8CAE-40FD-A9A1-26407360A639}"
EndProject
Global
	GlobalSection(SolutionConfigurationPlatforms) = preSolution
		Debug|Any CPU = Debug|Any CPU
		Release|Any CPU = Release|Any CPU
	EndGlobalSection
	GlobalSection(ProjectConfigurationPlatforms) = postSolution
		{00925561-8CAE-40FD-A9A1-26407360A639}.Debug|Any CPU.ActiveCfg = Debug|Any CPU
		{00925561-8CAE-40FD-A9A1-26407360A639}.Debug|Any CPU.Build.0 = Debug|Any CPU
		{00925561-8CAE-40FD-A9A1-26407360A639}.Release|Any CPU.ActiveCfg = Release|Any CPU
		{00925561-8CAE-40FD-A9A1-26407360A639}.Release|Any CPU.Build.0 = Release|Any CPU
	EndGlobalSection
	GlobalSection(SolutionProperties) = preSolution
		HideSolutionNode = FALSE
	EndGlobalSection
	GlobalSection(ExtensibilityGlobals) = postSolution
		SolutionGuid = {BD041358-4F9D-4535-9485-6528FE71AA6D}
	EndGlobalSection
EndGlobal
